// !$*UTF8*$!
{
	archiveVersion = 1;
	classes = {
	};
	objectVersion = 56;
	objects = {

/* Begin PBXBuildFile section */
		4FD1F0682B1B728400334419 /* adventOfCodeD2App.swift in Sources */ = {isa = PBXBuildFile; fileRef = 4FD1F0672B1B728400334419 /* adventOfCodeD2App.swift */; };
		4FD1F06A2B1B728400334419 /* ContentView.swift in Sources */ = {isa = PBXBuildFile; fileRef = 4FD1F0692B1B728400334419 /* ContentView.swift */; };
		4FD1F06C2B1B728600334419 /* Assets.xcassets in Resources */ = {isa = PBXBuildFile; fileRef = 4FD1F06B2B1B728600334419 /* Assets.xcassets */; };
		4FD1F06F2B1B728600334419 /* Preview Assets.xcassets in Resources */ = {isa = PBXBuildFile; fileRef = 4FD1F06E2B1B728600334419 /* Preview Assets.xcassets */; };
		4FD1F0792B1B728600334419 /* adventOfCodeD2Tests.swift in Sources */ = {isa = PBXBuildFile; fileRef = 4FD1F0782B1B728600334419 /* adventOfCodeD2Tests.swift */; };
		4FD1F0832B1B728600334419 /* adventOfCodeD2UITests.swift in Sources */ = {isa = PBXBuildFile; fileRef = 4FD1F0822B1B728600334419 /* adventOfCodeD2UITests.swift */; };
		4FD1F0852B1B728600334419 /* adventOfCodeD2UITestsLaunchTests.swift in Sources */ = {isa = PBXBuildFile; fileRef = 4FD1F0842B1B728600334419 /* adventOfCodeD2UITestsLaunchTests.swift */; };
/* End PBXBuildFile section */

/* Begin PBXContainerItemProxy section */
		4FD1F0752B1B728600334419 /* PBXContainerItemProxy */ = {
			isa = PBXContainerItemProxy;
			containerPortal = 4FD1F05C2B1B728400334419 /* Project object */;
			proxyType = 1;
			remoteGlobalIDString = 4FD1F0632B1B728400334419;
			remoteInfo = adventOfCodeD2;
		};
		4FD1F07F2B1B728600334419 /* PBXContainerItemProxy */ = {
			isa = PBXContainerItemProxy;
			containerPortal = 4FD1F05C2B1B728400334419 /* Project object */;
			proxyType = 1;
			remoteGlobalIDString = 4FD1F0632B1B728400334419;
			remoteInfo = adventOfCodeD2;
		};
/* End PBXContainerItemProxy section */

/* Begin PBXFileReference section */
		4FD1F0642B1B728400334419 /* adventOfCodeD2.app */ = {isa = PBXFileReference; explicitFileType = wrapper.application; includeInIndex = 0; path = adventOfCodeD2.app; sourceTree = BUILT_PRODUCTS_DIR; };
		4FD1F0672B1B728400334419 /* adventOfCodeD2App.swift */ = {isa = PBXFileReference; lastKnownFileType = sourcecode.swift; path = adventOfCodeD2App.swift; sourceTree = "<group>"; };
		4FD1F0692B1B728400334419 /* ContentView.swift */ = {isa = PBXFileReference; lastKnownFileType = sourcecode.swift; path = ContentView.swift; sourceTree = "<group>"; };
		4FD1F06B2B1B728600334419 /* Assets.xcassets */ = {isa = PBXFileReference; lastKnownFileType = folder.assetcatalog; path = Assets.xcassets; sourceTree = "<group>"; };
		4FD1F06E2B1B728600334419 /* Preview Assets.xcassets */ = {isa = PBXFileReference; lastKnownFileType = folder.assetcatalog; path = "Preview Assets.xcassets"; sourceTree = "<group>"; };
		4FD1F0742B1B728600334419 /* adventOfCodeD2Tests.xctest */ = {isa = PBXFileReference; explicitFileType = wrapper.cfbundle; includeInIndex = 0; path = adventOfCodeD2Tests.xctest; sourceTree = BUILT_PRODUCTS_DIR; };
		4FD1F0782B1B728600334419 /* adventOfCodeD2Tests.swift */ = {isa = PBXFileReference; lastKnownFileType = sourcecode.swift; path = adventOfCodeD2Tests.swift; sourceTree = "<group>"; };
		4FD1F07E2B1B728600334419 /* adventOfCodeD2UITests.xctest */ = {isa = PBXFileReference; explicitFileType = wrapper.cfbundle; includeInIndex = 0; path = adventOfCodeD2UITests.xctest; sourceTree = BUILT_PRODUCTS_DIR; };
		4FD1F0822B1B728600334419 /* adventOfCodeD2UITests.swift */ = {isa = PBXFileReference; lastKnownFileType = sourcecode.swift; path = adventOfCodeD2UITests.swift; sourceTree = "<group>"; };
		4FD1F0842B1B728600334419 /* adventOfCodeD2UITestsLaunchTests.swift */ = {isa = PBXFileReference; lastKnownFileType = sourcecode.swift; path = adventOfCodeD2UITestsLaunchTests.swift; sourceTree = "<group>"; };
/* End PBXFileReference section */

/* Begin PBXFrameworksBuildPhase section */
		4FD1F0612B1B728400334419 /* Frameworks */ = {
			isa = PBXFrameworksBuildPhase;
			buildActionMask = 2147483647;
			files = (
			);
			runOnlyForDeploymentPostprocessing = 0;
		};
		4FD1F0712B1B728600334419 /* Frameworks */ = {
			isa = PBXFrameworksBuildPhase;
			buildActionMask = 2147483647;
			files = (
			);
			runOnlyForDeploymentPostprocessing = 0;
		};
		4FD1F07B2B1B728600334419 /* Frameworks */ = {
			isa = PBXFrameworksBuildPhase;
			buildActionMask = 2147483647;
			files = (
			);
			runOnlyForDeploymentPostprocessing = 0;
		};
/* End PBXFrameworksBuildPhase section */

/* Begin PBXGroup section */
		4FD1F05B2B1B728400334419 = {
			isa = PBXGroup;
			children = (
				4FD1F0662B1B728400334419 /* adventOfCodeD2 */,
				4FD1F0772B1B728600334419 /* adventOfCodeD2Tests */,
				4FD1F0812B1B728600334419 /* adventOfCodeD2UITests */,
				4FD1F0652B1B728400334419 /* Products */,
			);
			sourceTree = "<group>";
		};
		4FD1F0652B1B728400334419 /* Products */ = {
			isa = PBXGroup;
			children = (
				4FD1F0642B1B728400334419 /* adventOfCodeD2.app */,
				4FD1F0742B1B728600334419 /* adventOfCodeD2Tests.xctest */,
				4FD1F07E2B1B728600334419 /* adventOfCodeD2UITests.xctest */,
			);
			name = Products;
			sourceTree = "<group>";
		};
		4FD1F0662B1B728400334419 /* adventOfCodeD2 */ = {
			isa = PBXGroup;
			children = (
				4FD1F0672B1B728400334419 /* adventOfCodeD2App.swift */,
				4FD1F0692B1B728400334419 /* ContentView.swift */,
				4FD1F06B2B1B728600334419 /* Assets.xcassets */,
				4FD1F06D2B1B728600334419 /* Preview Content */,
			);
			path = adventOfCodeD2;
			sourceTree = "<group>";
		};
		4FD1F06D2B1B728600334419 /* Preview Content */ = {
			isa = PBXGroup;
			children = (
				4FD1F06E2B1B728600334419 /* Preview Assets.xcassets */,
			);
			path = "Preview Content";
			sourceTree = "<group>";
		};
		4FD1F0772B1B728600334419 /* adventOfCodeD2Tests */ = {
			isa = PBXGroup;
			children = (
				4FD1F0782B1B728600334419 /* adventOfCodeD2Tests.swift */,
			);
			path = adventOfCodeD2Tests;
			sourceTree = "<group>";
		};
		4FD1F0812B1B728600334419 /* adventOfCodeD2UITests */ = {
			isa = PBXGroup;
			children = (
				4FD1F0822B1B728600334419 /* adventOfCodeD2UITests.swift */,
				4FD1F0842B1B728600334419 /* adventOfCodeD2UITestsLaunchTests.swift */,
			);
			path = adventOfCodeD2UITests;
			sourceTree = "<group>";
		};
/* End PBXGroup section */

/* Begin PBXNativeTarget section */
		4FD1F0632B1B728400334419 /* adventOfCodeD2 */ = {
			isa = PBXNativeTarget;
			buildConfigurationList = 4FD1F0882B1B728600334419 /* Build configuration list for PBXNativeTarget "adventOfCodeD2" */;
			buildPhases = (
				4FD1F0602B1B728400334419 /* Sources */,
				4FD1F0612B1B728400334419 /* Frameworks */,
				4FD1F0622B1B728400334419 /* Resources */,
			);
			buildRules = (
			);
			dependencies = (
			);
			name = adventOfCodeD2;
			productName = adventOfCodeD2;
			productReference = 4FD1F0642B1B728400334419 /* adventOfCodeD2.app */;
			productType = "com.apple.product-type.application";
		};
		4FD1F0732B1B728600334419 /* adventOfCodeD2Tests */ = {
			isa = PBXNativeTarget;
			buildConfigurationList = 4FD1F08B2B1B728600334419 /* Build configuration list for PBXNativeTarget "adventOfCodeD2Tests" */;
			buildPhases = (
				4FD1F0702B1B728600334419 /* Sources */,
				4FD1F0712B1B728600334419 /* Frameworks */,
				4FD1F0722B1B728600334419 /* Resources */,
			);
			buildRules = (
			);
			dependencies = (
				4FD1F0762B1B728600334419 /* PBXTargetDependency */,
			);
			name = adventOfCodeD2Tests;
			productName = adventOfCodeD2Tests;
			productReference = 4FD1F0742B1B728600334419 /* adventOfCodeD2Tests.xctest */;
			productType = "com.apple.product-type.bundle.unit-test";
		};
		4FD1F07D2B1B728600334419 /* adventOfCodeD2UITests */ = {
			isa = PBXNativeTarget;
			buildConfigurationList = 4FD1F08E2B1B728600334419 /* Build configuration list for PBXNativeTarget "adventOfCodeD2UITests" */;
			buildPhases = (
				4FD1F07A2B1B728600334419 /* Sources */,
				4FD1F07B2B1B728600334419 /* Frameworks */,
				4FD1F07C2B1B728600334419 /* Resources */,
			);
			buildRules = (
			);
			dependencies = (
				4FD1F0802B1B728600334419 /* PBXTargetDependency */,
			);
			name = adventOfCodeD2UITests;
			productName = adventOfCodeD2UITests;
			productReference = 4FD1F07E2B1B728600334419 /* adventOfCodeD2UITests.xctest */;
			productType = "com.apple.product-type.bundle.ui-testing";
		};
/* End PBXNativeTarget section */

/* Begin PBXProject section */
		4FD1F05C2B1B728400334419 /* Project object */ = {
			isa = PBXProject;
			attributes = {
				BuildIndependentTargetsInParallel = 1;
				LastSwiftUpdateCheck = 1500;
				LastUpgradeCheck = 1500;
				TargetAttributes = {
					4FD1F0632B1B728400334419 = {
						CreatedOnToolsVersion = 15.0.1;
					};
					4FD1F0732B1B728600334419 = {
						CreatedOnToolsVersion = 15.0.1;
						TestTargetID = 4FD1F0632B1B728400334419;
					};
					4FD1F07D2B1B728600334419 = {
						CreatedOnToolsVersion = 15.0.1;
						TestTargetID = 4FD1F0632B1B728400334419;
					};
				};
			};
			buildConfigurationList = 4FD1F05F2B1B728400334419 /* Build configuration list for PBXProject "adventOfCodeD2" */;
			compatibilityVersion = "Xcode 14.0";
			developmentRegion = en;
			hasScannedForEncodings = 0;
			knownRegions = (
				en,
				Base,
			);
			mainGroup = 4FD1F05B2B1B728400334419;
			productRefGroup = 4FD1F0652B1B728400334419 /* Products */;
			projectDirPath = "";
			projectRoot = "";
			targets = (
				4FD1F0632B1B728400334419 /* adventOfCodeD2 */,
				4FD1F0732B1B728600334419 /* adventOfCodeD2Tests */,
				4FD1F07D2B1B728600334419 /* adventOfCodeD2UITests */,
			);
		};
/* End PBXProject section */

/* Begin PBXResourcesBuildPhase section */
		4FD1F0622B1B728400334419 /* Resources */ = {
			isa = PBXResourcesBuildPhase;
			buildActionMask = 2147483647;
			files = (
				4FD1F06F2B1B728600334419 /* Preview Assets.xcassets in Resources */,
				4FD1F06C2B1B728600334419 /* Assets.xcassets in Resources */,
			);
			runOnlyForDeploymentPostprocessing = 0;
		};
		4FD1F0722B1B728600334419 /* Resources */ = {
			isa = PBXResourcesBuildPhase;
			buildActionMask = 2147483647;
			files = (
			);
			runOnlyForDeploymentPostprocessing = 0;
		};
		4FD1F07C2B1B728600334419 /* Resources */ = {
			isa = PBXResourcesBuildPhase;
			buildActionMask = 2147483647;
			files = (
			);
			runOnlyForDeploymentPostprocessing = 0;
		};
/* End PBXResourcesBuildPhase section */

/* Begin PBXSourcesBuildPhase section */
		4FD1F0602B1B728400334419 /* Sources */ = {
			isa = PBXSourcesBuildPhase;
			buildActionMask = 2147483647;
			files = (
				4FD1F06A2B1B728400334419 /* ContentView.swift in Sources */,
				4FD1F0682B1B728400334419 /* adventOfCodeD2App.swift in Sources */,
			);
			runOnlyForDeploymentPostprocessing = 0;
		};
		4FD1F0702B1B728600334419 /* Sources */ = {
			isa = PBXSourcesBuildPhase;
			buildActionMask = 2147483647;
			files = (
				4FD1F0792B1B728600334419 /* adventOfCodeD2Tests.swift in Sources */,
			);
			runOnlyForDeploymentPostprocessing = 0;
		};
		4FD1F07A2B1B728600334419 /* Sources */ = {
			isa = PBXSourcesBuildPhase;
			buildActionMask = 2147483647;
			files = (
				4FD1F0852B1B728600334419 /* adventOfCodeD2UITestsLaunchTests.swift in Sources */,
				4FD1F0832B1B728600334419 /* adventOfCodeD2UITests.swift in Sources */,
			);
			runOnlyForDeploymentPostprocessing = 0;
		};
/* End PBXSourcesBuildPhase section */

/* Begin PBXTargetDependency section */
		4FD1F0762B1B728600334419 /* PBXTargetDependency */ = {
			isa = PBXTargetDependency;
			target = 4FD1F0632B1B728400334419 /* adventOfCodeD2 */;
			targetProxy = 4FD1F0752B1B728600334419 /* PBXContainerItemProxy */;
		};
		4FD1F0802B1B728600334419 /* PBXTargetDependency */ = {
			isa = PBXTargetDependency;
			target = 4FD1F0632B1B728400334419 /* adventOfCodeD2 */;
			targetProxy = 4FD1F07F2B1B728600334419 /* PBXContainerItemProxy */;
		};
/* End PBXTargetDependency section */

/* Begin XCBuildConfiguration section */
		4FD1F0862B1B728600334419 /* Debug */ = {
			isa = XCBuildConfiguration;
			buildSettings = {
				ALWAYS_SEARCH_USER_PATHS = NO;
				ASSETCATALOG_COMPILER_GENERATE_SWIFT_ASSET_SYMBOL_EXTENSIONS = YES;
				CLANG_ANALYZER_NONNULL = YES;
				CLANG_ANALYZER_NUMBER_OBJECT_CONVERSION = YES_AGGRESSIVE;
				CLANG_CXX_LANGUAGE_STANDARD = "gnu++20";
				CLANG_ENABLE_MODULES = YES;
				CLANG_ENABLE_OBJC_ARC = YES;
				CLANG_ENABLE_OBJC_WEAK = YES;
				CLANG_WARN_BLOCK_CAPTURE_AUTORELEASING = YES;
				CLANG_WARN_BOOL_CONVERSION = YES;
				CLANG_WARN_COMMA = YES;
				CLANG_WARN_CONSTANT_CONVERSION = YES;
				CLANG_WARN_DEPRECATED_OBJC_IMPLEMENTATIONS = YES;
				CLANG_WARN_DIRECT_OBJC_ISA_USAGE = YES_ERROR;
				CLANG_WARN_DOCUMENTATION_COMMENTS = YES;
				CLANG_WARN_EMPTY_BODY = YES;
				CLANG_WARN_ENUM_CONVERSION = YES;
				CLANG_WARN_INFINITE_RECURSION = YES;
				CLANG_WARN_INT_CONVERSION = YES;
				CLANG_WARN_NON_LITERAL_NULL_CONVERSION = YES;
				CLANG_WARN_OBJC_IMPLICIT_RETAIN_SELF = YES;
				CLANG_WARN_OBJC_LITERAL_CONVERSION = YES;
				CLANG_WARN_OBJC_ROOT_CLASS = YES_ERROR;
				CLANG_WARN_QUOTED_INCLUDE_IN_FRAMEWORK_HEADER = YES;
				CLANG_WARN_RANGE_LOOP_ANALYSIS = YES;
				CLANG_WARN_STRICT_PROTOTYPES = YES;
				CLANG_WARN_SUSPICIOUS_MOVE = YES;
				CLANG_WARN_UNGUARDED_AVAILABILITY = YES_AGGRESSIVE;
				CLANG_WARN_UNREACHABLE_CODE = YES;
				CLANG_WARN__DUPLICATE_METHOD_MATCH = YES;
				COPY_PHASE_STRIP = NO;
				DEBUG_INFORMATION_FORMAT = dwarf;
				ENABLE_STRICT_OBJC_MSGSEND = YES;
				ENABLE_TESTABILITY = YES;
				ENABLE_USER_SCRIPT_SANDBOXING = YES;
				GCC_C_LANGUAGE_STANDARD = gnu17;
				GCC_DYNAMIC_NO_PIC = NO;
				GCC_NO_COMMON_BLOCKS = YES;
				GCC_OPTIMIZATION_LEVEL = 0;
				GCC_PREPROCESSOR_DEFINITIONS = (
					"DEBUG=1",
					"$(inherited)",
				);
				GCC_WARN_64_TO_32_BIT_CONVERSION = YES;
				GCC_WARN_ABOUT_RETURN_TYPE = YES_ERROR;
				GCC_WARN_UNDECLARED_SELECTOR = YES;
				GCC_WARN_UNINITIALIZED_AUTOS = YES_AGGRESSIVE;
				GCC_WARN_UNUSED_FUNCTION = YES;
				GCC_WARN_UNUSED_VARIABLE = YES;
				IPHONEOS_DEPLOYMENT_TARGET = 17.0;
				LOCALIZATION_PREFERS_STRING_CATALOGS = YES;
				MTL_ENABLE_DEBUG_INFO = INCLUDE_SOURCE;
				MTL_FAST_MATH = YES;
				ONLY_ACTIVE_ARCH = YES;
				SDKROOT = iphoneos;
				SWIFT_ACTIVE_COMPILATION_CONDITIONS = "DEBUG $(inherited)";
				SWIFT_OPTIMIZATION_LEVEL = "-Onone";
			};
			name = Debug;
		};
		4FD1F0872B1B728600334419 /* Release */ = {
			isa = XCBuildConfiguration;
			buildSettings = {
				ALWAYS_SEARCH_USER_PATHS = NO;
				ASSETCATALOG_COMPILER_GENERATE_SWIFT_ASSET_SYMBOL_EXTENSIONS = YES;
				CLANG_ANALYZER_NONNULL = YES;
				CLANG_ANALYZER_NUMBER_OBJECT_CONVERSION = YES_AGGRESSIVE;
				CLANG_CXX_LANGUAGE_STANDARD = "gnu++20";
				CLANG_ENABLE_MODULES = YES;
				CLANG_ENABLE_OBJC_ARC = YES;
				CLANG_ENABLE_OBJC_WEAK = YES;
				CLANG_WARN_BLOCK_CAPTURE_AUTORELEASING = YES;
				CLANG_WARN_BOOL_CONVERSION = YES;
				CLANG_WARN_COMMA = YES;
				CLANG_WARN_CONSTANT_CONVERSION = YES;
				CLANG_WARN_DEPRECATED_OBJC_IMPLEMENTATIONS = YES;
				CLANG_WARN_DIRECT_OBJC_ISA_USAGE = YES_ERROR;
				CLANG_WARN_DOCUMENTATION_COMMENTS = YES;
				CLANG_WARN_EMPTY_BODY = YES;
				CLANG_WARN_ENUM_CONVERSION = YES;
				CLANG_WARN_INFINITE_RECURSION = YES;
				CLANG_WARN_INT_CONVERSION = YES;
				CLANG_WARN_NON_LITERAL_NULL_CONVERSION = YES;
				CLANG_WARN_OBJC_IMPLICIT_RETAIN_SELF = YES;
				CLANG_WARN_OBJC_LITERAL_CONVERSION = YES;
				CLANG_WARN_OBJC_ROOT_CLASS = YES_ERROR;
				CLANG_WARN_QUOTED_INCLUDE_IN_FRAMEWORK_HEADER = YES;
				CLANG_WARN_RANGE_LOOP_ANALYSIS = YES;
				CLANG_WARN_STRICT_PROTOTYPES = YES;
				CLANG_WARN_SUSPICIOUS_MOVE = YES;
				CLANG_WARN_UNGUARDED_AVAILABILITY = YES_AGGRESSIVE;
				CLANG_WARN_UNREACHABLE_CODE = YES;
				CLANG_WARN__DUPLICATE_METHOD_MATCH = YES;
				COPY_PHASE_STRIP = NO;
				DEBUG_INFORMATION_FORMAT = "dwarf-with-dsym";
				ENABLE_NS_ASSERTIONS = NO;
				ENABLE_STRICT_OBJC_MSGSEND = YES;
				ENABLE_USER_SCRIPT_SANDBOXING = YES;
				GCC_C_LANGUAGE_STANDARD = gnu17;
				GCC_NO_COMMON_BLOCKS = YES;
				GCC_WARN_64_TO_32_BIT_CONVERSION = YES;
				GCC_WARN_ABOUT_RETURN_TYPE = YES_ERROR;
				GCC_WARN_UNDECLARED_SELECTOR = YES;
				GCC_WARN_UNINITIALIZED_AUTOS = YES_AGGRESSIVE;
				GCC_WARN_UNUSED_FUNCTION = YES;
				GCC_WARN_UNUSED_VARIABLE = YES;
				IPHONEOS_DEPLOYMENT_TARGET = 17.0;
				LOCALIZATION_PREFERS_STRING_CATALOGS = YES;
				MTL_ENABLE_DEBUG_INFO = NO;
				MTL_FAST_MATH = YES;
				SDKROOT = iphoneos;
				SWIFT_COMPILATION_MODE = wholemodule;
				VALIDATE_PRODUCT = YES;
			};
			name = Release;
		};
		4FD1F0892B1B728600334419 /* Debug */ = {
			isa = XCBuildConfiguration;
			buildSettings = {
				ASSETCATALOG_COMPILER_APPICON_NAME = AppIcon;
				ASSETCATALOG_COMPILER_GLOBAL_ACCENT_COLOR_NAME = AccentColor;
				CODE_SIGN_STYLE = Automatic;
				CURRENT_PROJECT_VERSION = 1;
				DEVELOPMENT_ASSET_PATHS = "\"adventOfCodeD2/Preview Content\"";
				DEVELOPMENT_TEAM = BQ55AJ4968;
				ENABLE_PREVIEWS = YES;
				GENERATE_INFOPLIST_FILE = YES;
				INFOPLIST_KEY_UIApplicationSceneManifest_Generation = YES;
				INFOPLIST_KEY_UIApplicationSupportsIndirectInputEvents = YES;
				INFOPLIST_KEY_UILaunchScreen_Generation = YES;
				INFOPLIST_KEY_UISupportedInterfaceOrientations_iPad = "UIInterfaceOrientationPortrait UIInterfaceOrientationPortraitUpsideDown UIInterfaceOrientationLandscapeLeft UIInterfaceOrientationLandscapeRight";
				INFOPLIST_KEY_UISupportedInterfaceOrientations_iPhone = "UIInterfaceOrientationPortrait UIInterfaceOrientationLandscapeLeft UIInterfaceOrientationLandscapeRight";
				LD_RUNPATH_SEARCH_PATHS = (
					"$(inherited)",
					"@executable_path/Frameworks",
				);
				MARKETING_VERSION = 1.0;
				PRODUCT_BUNDLE_IDENTIFIER = self.adventOfCodeD2;
				PRODUCT_NAME = "$(TARGET_NAME)";
				SWIFT_EMIT_LOC_STRINGS = YES;
				SWIFT_VERSION = 5.0;
				TARGETED_DEVICE_FAMILY = "1,2";
			};
			name = Debug;
		};
		4FD1F08A2B1B728600334419 /* Release */ = {
			isa = XCBuildConfiguration;
			buildSettings = {
				ASSETCATALOG_COMPILER_APPICON_NAME = AppIcon;
				ASSETCATALOG_COMPILER_GLOBAL_ACCENT_COLOR_NAME = AccentColor;
				CODE_SIGN_STYLE = Automatic;
				CURRENT_PROJECT_VERSION = 1;
				DEVELOPMENT_ASSET_PATHS = "\"adventOfCodeD2/Preview Content\"";
				DEVELOPMENT_TEAM = BQ55AJ4968;
				ENABLE_PREVIEWS = YES;
				GENERATE_INFOPLIST_FILE = YES;
				INFOPLIST_KEY_UIApplicationSceneManifest_Generation = YES;
				INFOPLIST_KEY_UIApplicationSupportsIndirectInputEvents = YES;
				INFOPLIST_KEY_UILaunchScreen_Generation = YES;
				INFOPLIST_KEY_UISupportedInterfaceOrientations_iPad = "UIInterfaceOrientationPortrait UIInterfaceOrientationPortraitUpsideDown UIInterfaceOrientationLandscapeLeft UIInterfaceOrientationLandscapeRight";
				INFOPLIST_KEY_UISupportedInterfaceOrientations_iPhone = "UIInterfaceOrientationPortrait UIInterfaceOrientationLandscapeLeft UIInterfaceOrientationLandscapeRight";
				LD_RUNPATH_SEARCH_PATHS = (
					"$(inherited)",
					"@executable_path/Frameworks",
				);
				MARKETING_VERSION = 1.0;
				PRODUCT_BUNDLE_IDENTIFIER = self.adventOfCodeD2;
				PRODUCT_NAME = "$(TARGET_NAME)";
				SWIFT_EMIT_LOC_STRINGS = YES;
				SWIFT_VERSION = 5.0;
				TARGETED_DEVICE_FAMILY = "1,2";
			};
			name = Release;
		};
		4FD1F08C2B1B728600334419 /* Debug */ = {
			isa = XCBuildConfiguration;
			buildSettings = {
				ALWAYS_EMBED_SWIFT_STANDARD_LIBRARIES = YES;
				BUNDLE_LOADER = "$(TEST_HOST)";
				CODE_SIGN_STYLE = Automatic;
				CURRENT_PROJECT_VERSION = 1;
				DEVELOPMENT_TEAM = BQ55AJ4968;
				GENERATE_INFOPLIST_FILE = YES;
				IPHONEOS_DEPLOYMENT_TARGET = 17.0;
				MARKETING_VERSION = 1.0;
				PRODUCT_BUNDLE_IDENTIFIER = self.adventOfCodeD2Tests;
				PRODUCT_NAME = "$(TARGET_NAME)";
				SWIFT_EMIT_LOC_STRINGS = NO;
				SWIFT_VERSION = 5.0;
				TARGETED_DEVICE_FAMILY = "1,2";
				TEST_HOST = "$(BUILT_PRODUCTS_DIR)/adventOfCodeD2.app/$(BUNDLE_EXECUTABLE_FOLDER_PATH)/adventOfCodeD2";
			};
			name = Debug;
		};
		4FD1F08D2B1B728600334419 /* Release */ = {
			isa = XCBuildConfiguration;
			buildSettings = {
				ALWAYS_EMBED_SWIFT_STANDARD_LIBRARIES = YES;
				BUNDLE_LOADER = "$(TEST_HOST)";
				CODE_SIGN_STYLE = Automatic;
				CURRENT_PROJECT_VERSION = 1;
				DEVELOPMENT_TEAM = BQ55AJ4968;
				GENERATE_INFOPLIST_FILE = YES;
				IPHONEOS_DEPLOYMENT_TARGET = 17.0;
				MARKETING_VERSION = 1.0;
				PRODUCT_BUNDLE_IDENTIFIER = self.adventOfCodeD2Tests;
				PRODUCT_NAME = "$(TARGET_NAME)";
				SWIFT_EMIT_LOC_STRINGS = NO;
				SWIFT_VERSION = 5.0;
				TARGETED_DEVICE_FAMILY = "1,2";
				TEST_HOST = "$(BUILT_PRODUCTS_DIR)/adventOfCodeD2.app/$(BUNDLE_EXECUTABLE_FOLDER_PATH)/adventOfCodeD2";
			};
			name = Release;
		};
		4FD1F08F2B1B728600334419 /* Debug */ = {
			isa = XCBuildConfiguration;
			buildSettings = {
				ALWAYS_EMBED_SWIFT_STANDARD_LIBRARIES = YES;
				CODE_SIGN_STYLE = Automatic;
				CURRENT_PROJECT_VERSION = 1;
				DEVELOPMENT_TEAM = BQ55AJ4968;
				GENERATE_INFOPLIST_FILE = YES;
				MARKETING_VERSION = 1.0;
				PRODUCT_BUNDLE_IDENTIFIER = self.adventOfCodeD2UITests;
				PRODUCT_NAME = "$(TARGET_NAME)";
				SWIFT_EMIT_LOC_STRINGS = NO;
				SWIFT_VERSION = 5.0;
				TARGETED_DEVICE_FAMILY = "1,2";
				TEST_TARGET_NAME = adventOfCodeD2;
			};
			name = Debug;
		};
		4FD1F0902B1B728600334419 /* Release */ = {
			isa = XCBuildConfiguration;
			buildSettings = {
				ALWAYS_EMBED_SWIFT_STANDARD_LIBRARIES = YES;
				CODE_SIGN_STYLE = Automatic;
				CURRENT_PROJECT_VERSION = 1;
				DEVELOPMENT_TEAM = BQ55AJ4968;
				GENERATE_INFOPLIST_FILE = YES;
				MARKETING_VERSION = 1.0;
				PRODUCT_BUNDLE_IDENTIFIER = self.adventOfCodeD2UITests;
				PRODUCT_NAME = "$(TARGET_NAME)";
				SWIFT_EMIT_LOC_STRINGS = NO;
				SWIFT_VERSION = 5.0;
				TARGETED_DEVICE_FAMILY = "1,2";
				TEST_TARGET_NAME = adventOfCodeD2;
			};
			name = Release;
		};
/* End XCBuildConfiguration section */

/* Begin XCConfigurationList section */
		4FD1F05F2B1B728400334419 /* Build configuration list for PBXProject "adventOfCodeD2" */ = {
			isa = XCConfigurationList;
			buildConfigurations = (
				4FD1F0862B1B728600334419 /* Debug */,
				4FD1F0872B1B728600334419 /* Release */,
			);
			defaultConfigurationIsVisible = 0;
			defaultConfigurationName = Release;
		};
		4FD1F0882B1B728600334419 /* Build configuration list for PBXNativeTarget "adventOfCodeD2" */ = {
			isa = XCConfigurationList;
			buildConfigurations = (
				4FD1F0892B1B728600334419 /* Debug */,
				4FD1F08A2B1B728600334419 /* Release */,
			);
			defaultConfigurationIsVisible = 0;
			defaultConfigurationName = Release;
		};
		4FD1F08B2B1B728600334419 /* Build configuration list for PBXNativeTarget "adventOfCodeD2Tests" */ = {
			isa = XCConfigurationList;
			buildConfigurations = (
				4FD1F08C2B1B728600334419 /* Debug */,
				4FD1F08D2B1B728600334419 /* Release */,
			);
			defaultConfigurationIsVisible = 0;
			defaultConfigurationName = Release;
		};
		4FD1F08E2B1B728600334419 /* Build configuration list for PBXNativeTarget "adventOfCodeD2UITests" */ = {
			isa = XCConfigurationList;
			buildConfigurations = (
				4FD1F08F2B1B728600334419 /* Debug */,
				4FD1F0902B1B728600334419 /* Release */,
			);
			defaultConfigurationIsVisible = 0;
			defaultConfigurationName = Release;
		};
/* End XCConfigurationList section */
	};
	rootObject = 4FD1F05C2B1B728400334419 /* Project object */;
}
